
Microsoft Visual Studio Solution File, Format Version 12.00
# Visual Studio Version 17
VisualStudioVersion = 17.8.34330.188
MinimumVisualStudioVersion = 10.0.40219.1
Project("{FAE04EC0-301F-11D3-BF4B-00C04F79EFBC}") = "ConsoleApp26", "ConsoleApp26\ConsoleApp26.csproj", "{ED157E85-A516-480F-A478-E9E73AFCDF9F}"
EndProject
Global
	GlobalSection(SolutionConfigurationPlatforms) = preSolution
		Debug|Any CPU = Debug|Any CPU
		Release|Any CPU = Release|Any CPU
	EndGlobalSection
	GlobalSection(ProjectConfigurationPlatforms) = postSolution
		{ED157E85-A516-480F-A478-E9E73AFCDF9F}.Debug|Any CPU.ActiveCfg = Debug|Any CPU
		{ED157E85-A516-480F-A478-E9E73AFCDF9F}.Debug|Any CPU.Build.0 = Debug|Any CPU
		{ED157E85-A516-480F-A478-E9E73AFCDF9F}.Release|Any CPU.ActiveCfg = Release|Any CPU
		{ED157E85-A516-480F-A478-E9E73AFCDF9F}.Release|Any CPU.Build.0 = Release|Any CPU
	EndGlobalSection
	GlobalSection(SolutionProperties) = preSolution
		HideSolutionNode = FALSE
	EndGlobalSection
	GlobalSection(ExtensibilityGlobals) = postSolution
		SolutionGuid = {4D3A3651-14A6-4BA0-8099-733CDDCA253D}
	EndGlobalSection
EndGlobal
